
Microsoft Visual Studio Solution File, Format Version 12.00
# Visual Studio Version 17
VisualStudioVersion = 17.12.35527.113
MinimumVisualStudioVersion = 10.0.40219.1
Project("{FAE04EC0-301F-11D3-BF4B-00C04F79EFBC}") = "GrpcService1", "GrpcService1\GrpcService1.csproj", "{6A17CE57-6552-424D-A45D-8FAB0D88AC29}"
EndProject
Project("{FAE04EC0-301F-11D3-BF4B-00C04F79EFBC}") = "FileTransferClient.Console", "FileTransferClient.Console\FileTransferClient.Console.csproj", "{B327BDFE-00C1-44DD-8B63-DF0D400E4590}"
EndProject
Project("{FAE04EC0-301F-11D3-BF4B-00C04F79EFBC}") = "FileTransferClient.Winform", "FileTransferClient.Winform\FileTransferClient.Winform.csproj", "{DC6D082F-95EF-4862-B1C5-A5BA19F18921}"
EndProject
Global
	GlobalSection(SolutionConfigurationPlatforms) = preSolution
		Debug|Any CPU = Debug|Any CPU
		Release|Any CPU = Release|Any CPU
	EndGlobalSection
	GlobalSection(ProjectConfigurationPlatforms) = postSolution
		{6A17CE57-6552-424D-A45D-8FAB0D88AC29}.Debug|Any CPU.ActiveCfg = Debug|Any CPU
		{6A17CE57-6552-424D-A45D-8FAB0D88AC29}.Debug|Any CPU.Build.0 = Debug|Any CPU
		{6A17CE57-6552-424D-A45D-8FAB0D88AC29}.Release|Any CPU.ActiveCfg = Release|Any CPU
		{6A17CE57-6552-424D-A45D-8FAB0D88AC29}.Release|Any CPU.Build.0 = Release|Any CPU
		{B327BDFE-00C1-44DD-8B63-DF0D400E4590}.Debug|Any CPU.ActiveCfg = Debug|Any CPU
		{B327BDFE-00C1-44DD-8B63-DF0D400E4590}.Debug|Any CPU.Build.0 = Debug|Any CPU
		{B327BDFE-00C1-44DD-8B63-DF0D400E4590}.Release|Any CPU.ActiveCfg = Release|Any CPU
		{B327BDFE-00C1-44DD-8B63-DF0D400E4590}.Release|Any CPU.Build.0 = Release|Any CPU
		{DC6D082F-95EF-4862-B1C5-A5BA19F18921}.Debug|Any CPU.ActiveCfg = Debug|Any CPU
		{DC6D082F-95EF-4862-B1C5-A5BA19F18921}.Debug|Any CPU.Build.0 = Debug|Any CPU
		{DC6D082F-95EF-4862-B1C5-A5BA19F18921}.Release|Any CPU.ActiveCfg = Release|Any CPU
		{DC6D082F-95EF-4862-B1C5-A5BA19F18921}.Release|Any CPU.Build.0 = Release|Any CPU
	EndGlobalSection
	GlobalSection(SolutionProperties) = preSolution
		HideSolutionNode = FALSE
	EndGlobalSection
EndGlobal
